// !$*UTF8*$!
{
	archiveVersion = 1;
	classes = {
	};
	objectVersion = 56;
	objects = {

/* Begin PBXBuildFile section */
		3F9182732B28B32200030A58 /* Wordle_ProjectApp.swift in Sources */ = {isa = PBXBuildFile; fileRef = 3F9182722B28B32200030A58 /* Wordle_ProjectApp.swift */; };
		3F9182752B28B32200030A58 /* ContentView.swift in Sources */ = {isa = PBXBuildFile; fileRef = 3F9182742B28B32200030A58 /* ContentView.swift */; };
		3F9182772B28B32300030A58 /* Assets.xcassets in Resources */ = {isa = PBXBuildFile; fileRef = 3F9182762B28B32300030A58 /* Assets.xcassets */; };
		3F91827A2B28B32300030A58 /* Preview Assets.xcassets in Resources */ = {isa = PBXBuildFile; fileRef = 3F9182792B28B32300030A58 /* Preview Assets.xcassets */; };
		3F9182842B28B32300030A58 /* Wordle_ProjectTests.swift in Sources */ = {isa = PBXBuildFile; fileRef = 3F9182832B28B32300030A58 /* Wordle_ProjectTests.swift */; };
		3F91828E2B28B32300030A58 /* Wordle_ProjectUITests.swift in Sources */ = {isa = PBXBuildFile; fileRef = 3F91828D2B28B32300030A58 /* Wordle_ProjectUITests.swift */; };
		3F9182902B28B32300030A58 /* Wordle_ProjectUITestsLaunchTests.swift in Sources */ = {isa = PBXBuildFile; fileRef = 3F91828F2B28B32300030A58 /* Wordle_ProjectUITestsLaunchTests.swift */; };
		3F91829F2B28B50500030A58 /* WordleGameModel.swift in Sources */ = {isa = PBXBuildFile; fileRef = 3F91829E2B28B50500030A58 /* WordleGameModel.swift */; };
		3F9182A12B28BBBF00030A58 /* WordleGameViewModel.swift in Sources */ = {isa = PBXBuildFile; fileRef = 3F9182A02B28BBBF00030A58 /* WordleGameViewModel.swift */; };
		3FB53D552B28B4CB006F2822 /* AnswerTale.swift in Sources */ = {isa = PBXBuildFile; fileRef = 3FB53D542B28B4CB006F2822 /* AnswerTale.swift */; };
		3FB53D572B28BC31006F2822 /* KeyboardButton.swift in Sources */ = {isa = PBXBuildFile; fileRef = 3FB53D562B28BC31006F2822 /* KeyboardButton.swift */; };
		3FB53D592B28BEF8006F2822 /* ResetButton.swift in Sources */ = {isa = PBXBuildFile; fileRef = 3FB53D582B28BEF8006F2822 /* ResetButton.swift */; };
		3FB53D5B2B28BF24006F2822 /* PlayAgainButton.swift in Sources */ = {isa = PBXBuildFile; fileRef = 3FB53D5A2B28BF24006F2822 /* PlayAgainButton.swift */; };
		3FF8A84C2B31FAC900AD6FF9 /* RowDisplay.swift in Sources */ = {isa = PBXBuildFile; fileRef = 3FF8A84B2B31FAC900AD6FF9 /* RowDisplay.swift */; };
/* End PBXBuildFile section */

/* Begin PBXContainerItemProxy section */
		3F9182802B28B32300030A58 /* PBXContainerItemProxy */ = {
			isa = PBXContainerItemProxy;
			containerPortal = 3F9182672B28B32200030A58 /* Project object */;
			proxyType = 1;
			remoteGlobalIDString = 3F91826E2B28B32200030A58;
			remoteInfo = Wordle_Project;
		};
		3F91828A2B28B32300030A58 /* PBXContainerItemProxy */ = {
			isa = PBXContainerItemProxy;
			containerPortal = 3F9182672B28B32200030A58 /* Project object */;
			proxyType = 1;
			remoteGlobalIDString = 3F91826E2B28B32200030A58;
			remoteInfo = Wordle_Project;
		};
/* End PBXContainerItemProxy section */

/* Begin PBXFileReference section */
		3F91826F2B28B32200030A58 /* Wordle_Project.app */ = {isa = PBXFileReference; explicitFileType = wrapper.application; includeInIndex = 0; path = Wordle_Project.app; sourceTree = BUILT_PRODUCTS_DIR; };
		3F9182722B28B32200030A58 /* Wordle_ProjectApp.swift */ = {isa = PBXFileReference; lastKnownFileType = sourcecode.swift; path = Wordle_ProjectApp.swift; sourceTree = "<group>"; };
		3F9182742B28B32200030A58 /* ContentView.swift */ = {isa = PBXFileReference; lastKnownFileType = sourcecode.swift; path = ContentView.swift; sourceTree = "<group>"; };
		3F9182762B28B32300030A58 /* Assets.xcassets */ = {isa = PBXFileReference; lastKnownFileType = folder.assetcatalog; path = Assets.xcassets; sourceTree = "<group>"; };
		3F9182792B28B32300030A58 /* Preview Assets.xcassets */ = {isa = PBXFileReference; lastKnownFileType = folder.assetcatalog; path = "Preview Assets.xcassets"; sourceTree = "<group>"; };
		3F91827F2B28B32300030A58 /* Wordle_ProjectTests.xctest */ = {isa = PBXFileReference; explicitFileType = wrapper.cfbundle; includeInIndex = 0; path = Wordle_ProjectTests.xctest; sourceTree = BUILT_PRODUCTS_DIR; };
		3F9182832B28B32300030A58 /* Wordle_ProjectTests.swift */ = {isa = PBXFileReference; lastKnownFileType = sourcecode.swift; path = Wordle_ProjectTests.swift; sourceTree = "<group>"; };
		3F9182892B28B32300030A58 /* Wordle_ProjectUITests.xctest */ = {isa = PBXFileReference; explicitFileType = wrapper.cfbundle; includeInIndex = 0; path = Wordle_ProjectUITests.xctest; sourceTree = BUILT_PRODUCTS_DIR; };
		3F91828D2B28B32300030A58 /* Wordle_ProjectUITests.swift */ = {isa = PBXFileReference; lastKnownFileType = sourcecode.swift; path = Wordle_ProjectUITests.swift; sourceTree = "<group>"; };
		3F91828F2B28B32300030A58 /* Wordle_ProjectUITestsLaunchTests.swift */ = {isa = PBXFileReference; lastKnownFileType = sourcecode.swift; path = Wordle_ProjectUITestsLaunchTests.swift; sourceTree = "<group>"; };
		3F91829E2B28B50500030A58 /* WordleGameModel.swift */ = {isa = PBXFileReference; lastKnownFileType = sourcecode.swift; path = WordleGameModel.swift; sourceTree = "<group>"; };
		3F9182A02B28BBBF00030A58 /* WordleGameViewModel.swift */ = {isa = PBXFileReference; lastKnownFileType = sourcecode.swift; path = WordleGameViewModel.swift; sourceTree = "<group>"; };
		3FB53D542B28B4CB006F2822 /* AnswerTale.swift */ = {isa = PBXFileReference; lastKnownFileType = sourcecode.swift; path = AnswerTale.swift; sourceTree = "<group>"; };
		3FB53D562B28BC31006F2822 /* KeyboardButton.swift */ = {isa = PBXFileReference; lastKnownFileType = sourcecode.swift; path = KeyboardButton.swift; sourceTree = "<group>"; };
		3FB53D582B28BEF8006F2822 /* ResetButton.swift */ = {isa = PBXFileReference; lastKnownFileType = sourcecode.swift; path = ResetButton.swift; sourceTree = "<group>"; };
		3FB53D5A2B28BF24006F2822 /* PlayAgainButton.swift */ = {isa = PBXFileReference; lastKnownFileType = sourcecode.swift; path = PlayAgainButton.swift; sourceTree = "<group>"; };
		3FF8A84B2B31FAC900AD6FF9 /* RowDisplay.swift */ = {isa = PBXFileReference; lastKnownFileType = sourcecode.swift; path = RowDisplay.swift; sourceTree = "<group>"; };
/* End PBXFileReference section */

/* Begin PBXFrameworksBuildPhase section */
		3F91826C2B28B32200030A58 /* Frameworks */ = {
			isa = PBXFrameworksBuildPhase;
			buildActionMask = 2147483647;
			files = (
			);
			runOnlyForDeploymentPostprocessing = 0;
		};
		3F91827C2B28B32300030A58 /* Frameworks */ = {
			isa = PBXFrameworksBuildPhase;
			buildActionMask = 2147483647;
			files = (
			);
			runOnlyForDeploymentPostprocessing = 0;
		};
		3F9182862B28B32300030A58 /* Frameworks */ = {
			isa = PBXFrameworksBuildPhase;
			buildActionMask = 2147483647;
			files = (
			);
			runOnlyForDeploymentPostprocessing = 0;
		};
/* End PBXFrameworksBuildPhase section */

/* Begin PBXGroup section */
		3F9182662B28B32200030A58 = {
			isa = PBXGroup;
			children = (
				3F9182712B28B32200030A58 /* Wordle_Project */,
				3F9182822B28B32300030A58 /* Wordle_ProjectTests */,
				3F91828C2B28B32300030A58 /* Wordle_ProjectUITests */,
				3F9182702B28B32200030A58 /* Products */,
			);
			sourceTree = "<group>";
		};
		3F9182702B28B32200030A58 /* Products */ = {
			isa = PBXGroup;
			children = (
				3F91826F2B28B32200030A58 /* Wordle_Project.app */,
				3F91827F2B28B32300030A58 /* Wordle_ProjectTests.xctest */,
				3F9182892B28B32300030A58 /* Wordle_ProjectUITests.xctest */,
			);
			name = Products;
			sourceTree = "<group>";
		};
		3F9182712B28B32200030A58 /* Wordle_Project */ = {
			isa = PBXGroup;
			children = (
				3F9182722B28B32200030A58 /* Wordle_ProjectApp.swift */,
				3F9182742B28B32200030A58 /* ContentView.swift */,
				3F9182762B28B32300030A58 /* Assets.xcassets */,
				3F9182782B28B32300030A58 /* Preview Content */,
				3F91829E2B28B50500030A58 /* WordleGameModel.swift */,
				3FB53D542B28B4CB006F2822 /* AnswerTale.swift */,
				3F9182A02B28BBBF00030A58 /* WordleGameViewModel.swift */,
				3FB53D562B28BC31006F2822 /* KeyboardButton.swift */,
				3FB53D5A2B28BF24006F2822 /* PlayAgainButton.swift */,
				3FB53D582B28BEF8006F2822 /* ResetButton.swift */,
				3FF8A84B2B31FAC900AD6FF9 /* RowDisplay.swift */,
			);
			path = Wordle_Project;
			sourceTree = "<group>";
		};
		3F9182782B28B32300030A58 /* Preview Content */ = {
			isa = PBXGroup;
			children = (
				3F9182792B28B32300030A58 /* Preview Assets.xcassets */,
			);
			path = "Preview Content";
			sourceTree = "<group>";
		};
		3F9182822B28B32300030A58 /* Wordle_ProjectTests */ = {
			isa = PBXGroup;
			children = (
				3F9182832B28B32300030A58 /* Wordle_ProjectTests.swift */,
			);
			path = Wordle_ProjectTests;
			sourceTree = "<group>";
		};
		3F91828C2B28B32300030A58 /* Wordle_ProjectUITests */ = {
			isa = PBXGroup;
			children = (
				3F91828D2B28B32300030A58 /* Wordle_ProjectUITests.swift */,
				3F91828F2B28B32300030A58 /* Wordle_ProjectUITestsLaunchTests.swift */,
			);
			path = Wordle_ProjectUITests;
			sourceTree = "<group>";
		};
/* End PBXGroup section */

/* Begin PBXNativeTarget section */
		3F91826E2B28B32200030A58 /* Wordle_Project */ = {
			isa = PBXNativeTarget;
			buildConfigurationList = 3F9182932B28B32300030A58 /* Build configuration list for PBXNativeTarget "Wordle_Project" */;
			buildPhases = (
				3F91826B2B28B32200030A58 /* Sources */,
				3F91826C2B28B32200030A58 /* Frameworks */,
				3F91826D2B28B32200030A58 /* Resources */,
			);
			buildRules = (
			);
			dependencies = (
			);
			name = Wordle_Project;
			productName = Wordle_Project;
			productReference = 3F91826F2B28B32200030A58 /* Wordle_Project.app */;
			productType = "com.apple.product-type.application";
		};
		3F91827E2B28B32300030A58 /* Wordle_ProjectTests */ = {
			isa = PBXNativeTarget;
			buildConfigurationList = 3F9182962B28B32300030A58 /* Build configuration list for PBXNativeTarget "Wordle_ProjectTests" */;
			buildPhases = (
				3F91827B2B28B32300030A58 /* Sources */,
				3F91827C2B28B32300030A58 /* Frameworks */,
				3F91827D2B28B32300030A58 /* Resources */,
			);
			buildRules = (
			);
			dependencies = (
				3F9182812B28B32300030A58 /* PBXTargetDependency */,
			);
			name = Wordle_ProjectTests;
			productName = Wordle_ProjectTests;
			productReference = 3F91827F2B28B32300030A58 /* Wordle_ProjectTests.xctest */;
			productType = "com.apple.product-type.bundle.unit-test";
		};
		3F9182882B28B32300030A58 /* Wordle_ProjectUITests */ = {
			isa = PBXNativeTarget;
			buildConfigurationList = 3F9182992B28B32300030A58 /* Build configuration list for PBXNativeTarget "Wordle_ProjectUITests" */;
			buildPhases = (
				3F9182852B28B32300030A58 /* Sources */,
				3F9182862B28B32300030A58 /* Frameworks */,
				3F9182872B28B32300030A58 /* Resources */,
			);
			buildRules = (
			);
			dependencies = (
				3F91828B2B28B32300030A58 /* PBXTargetDependency */,
			);
			name = Wordle_ProjectUITests;
			productName = Wordle_ProjectUITests;
			productReference = 3F9182892B28B32300030A58 /* Wordle_ProjectUITests.xctest */;
			productType = "com.apple.product-type.bundle.ui-testing";
		};
/* End PBXNativeTarget section */

/* Begin PBXProject section */
		3F9182672B28B32200030A58 /* Project object */ = {
			isa = PBXProject;
			attributes = {
				BuildIndependentTargetsInParallel = 1;
				LastSwiftUpdateCheck = 1500;
				LastUpgradeCheck = 1500;
				TargetAttributes = {
					3F91826E2B28B32200030A58 = {
						CreatedOnToolsVersion = 15.0;
					};
					3F91827E2B28B32300030A58 = {
						CreatedOnToolsVersion = 15.0;
						TestTargetID = 3F91826E2B28B32200030A58;
					};
					3F9182882B28B32300030A58 = {
						CreatedOnToolsVersion = 15.0;
						TestTargetID = 3F91826E2B28B32200030A58;
					};
				};
			};
			buildConfigurationList = 3F91826A2B28B32200030A58 /* Build configuration list for PBXProject "Wordle_Project" */;
			compatibilityVersion = "Xcode 14.0";
			developmentRegion = en;
			hasScannedForEncodings = 0;
			knownRegions = (
				en,
				Base,
			);
			mainGroup = 3F9182662B28B32200030A58;
			productRefGroup = 3F9182702B28B32200030A58 /* Products */;
			projectDirPath = "";
			projectRoot = "";
			targets = (
				3F91826E2B28B32200030A58 /* Wordle_Project */,
				3F91827E2B28B32300030A58 /* Wordle_ProjectTests */,
				3F9182882B28B32300030A58 /* Wordle_ProjectUITests */,
			);
		};
/* End PBXProject section */

/* Begin PBXResourcesBuildPhase section */
		3F91826D2B28B32200030A58 /* Resources */ = {
			isa = PBXResourcesBuildPhase;
			buildActionMask = 2147483647;
			files = (
				3F91827A2B28B32300030A58 /* Preview Assets.xcassets in Resources */,
				3F9182772B28B32300030A58 /* Assets.xcassets in Resources */,
			);
			runOnlyForDeploymentPostprocessing = 0;
		};
		3F91827D2B28B32300030A58 /* Resources */ = {
			isa = PBXResourcesBuildPhase;
			buildActionMask = 2147483647;
			files = (
			);
			runOnlyForDeploymentPostprocessing = 0;
		};
		3F9182872B28B32300030A58 /* Resources */ = {
			isa = PBXResourcesBuildPhase;
			buildActionMask = 2147483647;
			files = (
			);
			runOnlyForDeploymentPostprocessing = 0;
		};
/* End PBXResourcesBuildPhase section */

/* Begin PBXSourcesBuildPhase section */
		3F91826B2B28B32200030A58 /* Sources */ = {
			isa = PBXSourcesBuildPhase;
			buildActionMask = 2147483647;
			files = (
				3FB53D572B28BC31006F2822 /* KeyboardButton.swift in Sources */,
				3FF8A84C2B31FAC900AD6FF9 /* RowDisplay.swift in Sources */,
				3FB53D592B28BEF8006F2822 /* ResetButton.swift in Sources */,
				3F9182752B28B32200030A58 /* ContentView.swift in Sources */,
				3FB53D552B28B4CB006F2822 /* AnswerTale.swift in Sources */,
				3FB53D5B2B28BF24006F2822 /* PlayAgainButton.swift in Sources */,
				3F9182732B28B32200030A58 /* Wordle_ProjectApp.swift in Sources */,
				3F91829F2B28B50500030A58 /* WordleGameModel.swift in Sources */,
				3F9182A12B28BBBF00030A58 /* WordleGameViewModel.swift in Sources */,
			);
			runOnlyForDeploymentPostprocessing = 0;
		};
		3F91827B2B28B32300030A58 /* Sources */ = {
			isa = PBXSourcesBuildPhase;
			buildActionMask = 2147483647;
			files = (
				3F9182842B28B32300030A58 /* Wordle_ProjectTests.swift in Sources */,
			);
			runOnlyForDeploymentPostprocessing = 0;
		};
		3F9182852B28B32300030A58 /* Sources */ = {
			isa = PBXSourcesBuildPhase;
			buildActionMask = 2147483647;
			files = (
				3F91828E2B28B32300030A58 /* Wordle_ProjectUITests.swift in Sources */,
				3F9182902B28B32300030A58 /* Wordle_ProjectUITestsLaunchTests.swift in Sources */,
			);
			runOnlyForDeploymentPostprocessing = 0;
		};
/* End PBXSourcesBuildPhase section */

/* Begin PBXTargetDependency section */
		3F9182812B28B32300030A58 /* PBXTargetDependency */ = {
			isa = PBXTargetDependency;
			target = 3F91826E2B28B32200030A58 /* Wordle_Project */;
			targetProxy = 3F9182802B28B32300030A58 /* PBXContainerItemProxy */;
		};
		3F91828B2B28B32300030A58 /* PBXTargetDependency */ = {
			isa = PBXTargetDependency;
			target = 3F91826E2B28B32200030A58 /* Wordle_Project */;
			targetProxy = 3F91828A2B28B32300030A58 /* PBXContainerItemProxy */;
		};
/* End PBXTargetDependency section */

/* Begin XCBuildConfiguration section */
		3F9182912B28B32300030A58 /* Debug */ = {
			isa = XCBuildConfiguration;
			buildSettings = {
				ALWAYS_SEARCH_USER_PATHS = NO;
				ASSETCATALOG_COMPILER_GENERATE_SWIFT_ASSET_SYMBOL_EXTENSIONS = YES;
				CLANG_ANALYZER_NONNULL = YES;
				CLANG_ANALYZER_NUMBER_OBJECT_CONVERSION = YES_AGGRESSIVE;
				CLANG_CXX_LANGUAGE_STANDARD = "gnu++20";
				CLANG_ENABLE_MODULES = YES;
				CLANG_ENABLE_OBJC_ARC = YES;
				CLANG_ENABLE_OBJC_WEAK = YES;
				CLANG_WARN_BLOCK_CAPTURE_AUTORELEASING = YES;
				CLANG_WARN_BOOL_CONVERSION = YES;
				CLANG_WARN_COMMA = YES;
				CLANG_WARN_CONSTANT_CONVERSION = YES;
				CLANG_WARN_DEPRECATED_OBJC_IMPLEMENTATIONS = YES;
				CLANG_WARN_DIRECT_OBJC_ISA_USAGE = YES_ERROR;
				CLANG_WARN_DOCUMENTATION_COMMENTS = YES;
				CLANG_WARN_EMPTY_BODY = YES;
				CLANG_WARN_ENUM_CONVERSION = YES;
				CLANG_WARN_INFINITE_RECURSION = YES;
				CLANG_WARN_INT_CONVERSION = YES;
				CLANG_WARN_NON_LITERAL_NULL_CONVERSION = YES;
				CLANG_WARN_OBJC_IMPLICIT_RETAIN_SELF = YES;
				CLANG_WARN_OBJC_LITERAL_CONVERSION = YES;
				CLANG_WARN_OBJC_ROOT_CLASS = YES_ERROR;
				CLANG_WARN_QUOTED_INCLUDE_IN_FRAMEWORK_HEADER = YES;
				CLANG_WARN_RANGE_LOOP_ANALYSIS = YES;
				CLANG_WARN_STRICT_PROTOTYPES = YES;
				CLANG_WARN_SUSPICIOUS_MOVE = YES;
				CLANG_WARN_UNGUARDED_AVAILABILITY = YES_AGGRESSIVE;
				CLANG_WARN_UNREACHABLE_CODE = YES;
				CLANG_WARN__DUPLICATE_METHOD_MATCH = YES;
				COPY_PHASE_STRIP = NO;
				DEBUG_INFORMATION_FORMAT = dwarf;
				ENABLE_STRICT_OBJC_MSGSEND = YES;
				ENABLE_TESTABILITY = YES;
				ENABLE_USER_SCRIPT_SANDBOXING = YES;
				GCC_C_LANGUAGE_STANDARD = gnu17;
				GCC_DYNAMIC_NO_PIC = NO;
				GCC_NO_COMMON_BLOCKS = YES;
				GCC_OPTIMIZATION_LEVEL = 0;
				GCC_PREPROCESSOR_DEFINITIONS = (
					"DEBUG=1",
					"$(inherited)",
				);
				GCC_WARN_64_TO_32_BIT_CONVERSION = YES;
				GCC_WARN_ABOUT_RETURN_TYPE = YES_ERROR;
				GCC_WARN_UNDECLARED_SELECTOR = YES;
				GCC_WARN_UNINITIALIZED_AUTOS = YES_AGGRESSIVE;
				GCC_WARN_UNUSED_FUNCTION = YES;
				GCC_WARN_UNUSED_VARIABLE = YES;
				IPHONEOS_DEPLOYMENT_TARGET = 17.0;
				LOCALIZATION_PREFERS_STRING_CATALOGS = YES;
				MTL_ENABLE_DEBUG_INFO = INCLUDE_SOURCE;
				MTL_FAST_MATH = YES;
				ONLY_ACTIVE_ARCH = YES;
				SDKROOT = iphoneos;
				SWIFT_ACTIVE_COMPILATION_CONDITIONS = "DEBUG $(inherited)";
				SWIFT_OPTIMIZATION_LEVEL = "-Onone";
			};
			name = Debug;
		};
		3F9182922B28B32300030A58 /* Release */ = {
			isa = XCBuildConfiguration;
			buildSettings = {
				ALWAYS_SEARCH_USER_PATHS = NO;
				ASSETCATALOG_COMPILER_GENERATE_SWIFT_ASSET_SYMBOL_EXTENSIONS = YES;
				CLANG_ANALYZER_NONNULL = YES;
				CLANG_ANALYZER_NUMBER_OBJECT_CONVERSION = YES_AGGRESSIVE;
				CLANG_CXX_LANGUAGE_STANDARD = "gnu++20";
				CLANG_ENABLE_MODULES = YES;
				CLANG_ENABLE_OBJC_ARC = YES;
				CLANG_ENABLE_OBJC_WEAK = YES;
				CLANG_WARN_BLOCK_CAPTURE_AUTORELEASING = YES;
				CLANG_WARN_BOOL_CONVERSION = YES;
				CLANG_WARN_COMMA = YES;
				CLANG_WARN_CONSTANT_CONVERSION = YES;
				CLANG_WARN_DEPRECATED_OBJC_IMPLEMENTATIONS = YES;
				CLANG_WARN_DIRECT_OBJC_ISA_USAGE = YES_ERROR;
				CLANG_WARN_DOCUMENTATION_COMMENTS = YES;
				CLANG_WARN_EMPTY_BODY = YES;
				CLANG_WARN_ENUM_CONVERSION = YES;
				CLANG_WARN_INFINITE_RECURSION = YES;
				CLANG_WARN_INT_CONVERSION = YES;
				CLANG_WARN_NON_LITERAL_NULL_CONVERSION = YES;
				CLANG_WARN_OBJC_IMPLICIT_RETAIN_SELF = YES;
				CLANG_WARN_OBJC_LITERAL_CONVERSION = YES;
				CLANG_WARN_OBJC_ROOT_CLASS = YES_ERROR;
				CLANG_WARN_QUOTED_INCLUDE_IN_FRAMEWORK_HEADER = YES;
				CLANG_WARN_RANGE_LOOP_ANALYSIS = YES;
				CLANG_WARN_STRICT_PROTOTYPES = YES;
				CLANG_WARN_SUSPICIOUS_MOVE = YES;
				CLANG_WARN_UNGUARDED_AVAILABILITY = YES_AGGRESSIVE;
				CLANG_WARN_UNREACHABLE_CODE = YES;
				CLANG_WARN__DUPLICATE_METHOD_MATCH = YES;
				COPY_PHASE_STRIP = NO;
				DEBUG_INFORMATION_FORMAT = "dwarf-with-dsym";
				ENABLE_NS_ASSERTIONS = NO;
				ENABLE_STRICT_OBJC_MSGSEND = YES;
				ENABLE_USER_SCRIPT_SANDBOXING = YES;
				GCC_C_LANGUAGE_STANDARD = gnu17;
				GCC_NO_COMMON_BLOCKS = YES;
				GCC_WARN_64_TO_32_BIT_CONVERSION = YES;
				GCC_WARN_ABOUT_RETURN_TYPE = YES_ERROR;
				GCC_WARN_UNDECLARED_SELECTOR = YES;
				GCC_WARN_UNINITIALIZED_AUTOS = YES_AGGRESSIVE;
				GCC_WARN_UNUSED_FUNCTION = YES;
				GCC_WARN_UNUSED_VARIABLE = YES;
				IPHONEOS_DEPLOYMENT_TARGET = 17.0;
				LOCALIZATION_PREFERS_STRING_CATALOGS = YES;
				MTL_ENABLE_DEBUG_INFO = NO;
				MTL_FAST_MATH = YES;
				SDKROOT = iphoneos;
				SWIFT_COMPILATION_MODE = wholemodule;
				VALIDATE_PRODUCT = YES;
			};
			name = Release;
		};
		3F9182942B28B32300030A58 /* Debug */ = {
			isa = XCBuildConfiguration;
			buildSettings = {
				ASSETCATALOG_COMPILER_APPICON_NAME = AppIcon;
				ASSETCATALOG_COMPILER_GLOBAL_ACCENT_COLOR_NAME = AccentColor;
				CODE_SIGN_STYLE = Automatic;
				CURRENT_PROJECT_VERSION = 1;
				DEVELOPMENT_ASSET_PATHS = "\"Wordle_Project/Preview Content\"";
				ENABLE_PREVIEWS = YES;
				GENERATE_INFOPLIST_FILE = YES;
				INFOPLIST_KEY_UIApplicationSceneManifest_Generation = YES;
				INFOPLIST_KEY_UIApplicationSupportsIndirectInputEvents = YES;
				INFOPLIST_KEY_UILaunchScreen_Generation = YES;
				INFOPLIST_KEY_UISupportedInterfaceOrientations_iPad = "UIInterfaceOrientationPortrait UIInterfaceOrientationPortraitUpsideDown UIInterfaceOrientationLandscapeLeft UIInterfaceOrientationLandscapeRight";
				INFOPLIST_KEY_UISupportedInterfaceOrientations_iPhone = "UIInterfaceOrientationPortrait UIInterfaceOrientationLandscapeLeft UIInterfaceOrientationLandscapeRight";
				LD_RUNPATH_SEARCH_PATHS = (
					"$(inherited)",
					"@executable_path/Frameworks",
				);
				MARKETING_VERSION = 1.0;
				PRODUCT_BUNDLE_IDENTIFIER = "wordle.Wordle-Project";
				PRODUCT_NAME = "$(TARGET_NAME)";
				SWIFT_EMIT_LOC_STRINGS = YES;
				SWIFT_VERSION = 5.0;
				TARGETED_DEVICE_FAMILY = "1,2";
			};
			name = Debug;
		};
		3F9182952B28B32300030A58 /* Release */ = {
			isa = XCBuildConfiguration;
			buildSettings = {
				ASSETCATALOG_COMPILER_APPICON_NAME = AppIcon;
				ASSETCATALOG_COMPILER_GLOBAL_ACCENT_COLOR_NAME = AccentColor;
				CODE_SIGN_STYLE = Automatic;
				CURRENT_PROJECT_VERSION = 1;
				DEVELOPMENT_ASSET_PATHS = "\"Wordle_Project/Preview Content\"";
				ENABLE_PREVIEWS = YES;
				GENERATE_INFOPLIST_FILE = YES;
				INFOPLIST_KEY_UIApplicationSceneManifest_Generation = YES;
				INFOPLIST_KEY_UIApplicationSupportsIndirectInputEvents = YES;
				INFOPLIST_KEY_UILaunchScreen_Generation = YES;
				INFOPLIST_KEY_UISupportedInterfaceOrientations_iPad = "UIInterfaceOrientationPortrait UIInterfaceOrientationPortraitUpsideDown UIInterfaceOrientationLandscapeLeft UIInterfaceOrientationLandscapeRight";
				INFOPLIST_KEY_UISupportedInterfaceOrientations_iPhone = "UIInterfaceOrientationPortrait UIInterfaceOrientationLandscapeLeft UIInterfaceOrientationLandscapeRight";
				LD_RUNPATH_SEARCH_PATHS = (
					"$(inherited)",
					"@executable_path/Frameworks",
				);
				MARKETING_VERSION = 1.0;
				PRODUCT_BUNDLE_IDENTIFIER = "wordle.Wordle-Project";
				PRODUCT_NAME = "$(TARGET_NAME)";
				SWIFT_EMIT_LOC_STRINGS = YES;
				SWIFT_VERSION = 5.0;
				TARGETED_DEVICE_FAMILY = "1,2";
			};
			name = Release;
		};
		3F9182972B28B32300030A58 /* Debug */ = {
			isa = XCBuildConfiguration;
			buildSettings = {
				ALWAYS_EMBED_SWIFT_STANDARD_LIBRARIES = YES;
				BUNDLE_LOADER = "$(TEST_HOST)";
				CODE_SIGN_STYLE = Automatic;
				CURRENT_PROJECT_VERSION = 1;
				GENERATE_INFOPLIST_FILE = YES;
				IPHONEOS_DEPLOYMENT_TARGET = 17.0;
				MARKETING_VERSION = 1.0;
				PRODUCT_BUNDLE_IDENTIFIER = "wordle.Wordle-ProjectTests";
				PRODUCT_NAME = "$(TARGET_NAME)";
				SWIFT_EMIT_LOC_STRINGS = NO;
				SWIFT_VERSION = 5.0;
				TARGETED_DEVICE_FAMILY = "1,2";
				TEST_HOST = "$(BUILT_PRODUCTS_DIR)/Wordle_Project.app/$(BUNDLE_EXECUTABLE_FOLDER_PATH)/Wordle_Project";
			};
			name = Debug;
		};
		3F9182982B28B32300030A58 /* Release */ = {
			isa = XCBuildConfiguration;
			buildSettings = {
				ALWAYS_EMBED_SWIFT_STANDARD_LIBRARIES = YES;
				BUNDLE_LOADER = "$(TEST_HOST)";
				CODE_SIGN_STYLE = Automatic;
				CURRENT_PROJECT_VERSION = 1;
				GENERATE_INFOPLIST_FILE = YES;
				IPHONEOS_DEPLOYMENT_TARGET = 17.0;
				MARKETING_VERSION = 1.0;
				PRODUCT_BUNDLE_IDENTIFIER = "wordle.Wordle-ProjectTests";
				PRODUCT_NAME = "$(TARGET_NAME)";
				SWIFT_EMIT_LOC_STRINGS = NO;
				SWIFT_VERSION = 5.0;
				TARGETED_DEVICE_FAMILY = "1,2";
				TEST_HOST = "$(BUILT_PRODUCTS_DIR)/Wordle_Project.app/$(BUNDLE_EXECUTABLE_FOLDER_PATH)/Wordle_Project";
			};
			name = Release;
		};
		3F91829A2B28B32300030A58 /* Debug */ = {
			isa = XCBuildConfiguration;
			buildSettings = {
				ALWAYS_EMBED_SWIFT_STANDARD_LIBRARIES = YES;
				CODE_SIGN_STYLE = Automatic;
				CURRENT_PROJECT_VERSION = 1;
				GENERATE_INFOPLIST_FILE = YES;
				MARKETING_VERSION = 1.0;
				PRODUCT_BUNDLE_IDENTIFIER = "wordle.Wordle-ProjectUITests";
				PRODUCT_NAME = "$(TARGET_NAME)";
				SWIFT_EMIT_LOC_STRINGS = NO;
				SWIFT_VERSION = 5.0;
				TARGETED_DEVICE_FAMILY = "1,2";
				TEST_TARGET_NAME = Wordle_Project;
			};
			name = Debug;
		};
		3F91829B2B28B32300030A58 /* Release */ = {
			isa = XCBuildConfiguration;
			buildSettings = {
				ALWAYS_EMBED_SWIFT_STANDARD_LIBRARIES = YES;
				CODE_SIGN_STYLE = Automatic;
				CURRENT_PROJECT_VERSION = 1;
				GENERATE_INFOPLIST_FILE = YES;
				MARKETING_VERSION = 1.0;
				PRODUCT_BUNDLE_IDENTIFIER = "wordle.Wordle-ProjectUITests";
				PRODUCT_NAME = "$(TARGET_NAME)";
				SWIFT_EMIT_LOC_STRINGS = NO;
				SWIFT_VERSION = 5.0;
				TARGETED_DEVICE_FAMILY = "1,2";
				TEST_TARGET_NAME = Wordle_Project;
			};
			name = Release;
		};
/* End XCBuildConfiguration section */

/* Begin XCConfigurationList section */
		3F91826A2B28B32200030A58 /* Build configuration list for PBXProject "Wordle_Project" */ = {
			isa = XCConfigurationList;
			buildConfigurations = (
				3F9182912B28B32300030A58 /* Debug */,
				3F9182922B28B32300030A58 /* Release */,
			);
			defaultConfigurationIsVisible = 0;
			defaultConfigurationName = Release;
		};
		3F9182932B28B32300030A58 /* Build configuration list for PBXNativeTarget "Wordle_Project" */ = {
			isa = XCConfigurationList;
			buildConfigurations = (
				3F9182942B28B32300030A58 /* Debug */,
				3F9182952B28B32300030A58 /* Release */,
			);
			defaultConfigurationIsVisible = 0;
			defaultConfigurationName = Release;
		};
		3F9182962B28B32300030A58 /* Build configuration list for PBXNativeTarget "Wordle_ProjectTests" */ = {
			isa = XCConfigurationList;
			buildConfigurations = (
				3F9182972B28B32300030A58 /* Debug */,
				3F9182982B28B32300030A58 /* Release */,
			);
			defaultConfigurationIsVisible = 0;
			defaultConfigurationName = Release;
		};
		3F9182992B28B32300030A58 /* Build configuration list for PBXNativeTarget "Wordle_ProjectUITests" */ = {
			isa = XCConfigurationList;
			buildConfigurations = (
				3F91829A2B28B32300030A58 /* Debug */,
				3F91829B2B28B32300030A58 /* Release */,
			);
			defaultConfigurationIsVisible = 0;
			defaultConfigurationName = Release;
		};
/* End XCConfigurationList section */
	};
	rootObject = 3F9182672B28B32200030A58 /* Project object */;
}
